// !$*UTF8*$!
{
	archiveVersion = 1;
	classes = {
	};
	objectVersion = 48;
	objects = {

/* Begin PBXBuildFile section */
		D46B168820D0A2E800E623FC /* main.c in Sources */ = {isa = PBXBuildFile; fileRef = D46B168720D0A2E800E623FC /* main.c */; };
		D46B169620D1B54900E623FC /* main.c in Sources */ = {isa = PBXBuildFile; fileRef = D46B169520D1B54900E623FC /* main.c */; };
/* End PBXBuildFile section */

/* Begin PBXCopyFilesBuildPhase section */
		D46B168220D0A2E800E623FC /* CopyFiles */ = {
			isa = PBXCopyFilesBuildPhase;
			buildActionMask = 2147483647;
			dstPath = /usr/share/man/man1/;
			dstSubfolderSpec = 0;
			files = (
			);
			runOnlyForDeploymentPostprocessing = 1;
		};
		D46B169120D1B54900E623FC /* CopyFiles */ = {
			isa = PBXCopyFilesBuildPhase;
			buildActionMask = 2147483647;
			dstPath = /usr/share/man/man1/;
			dstSubfolderSpec = 0;
			files = (
			);
			runOnlyForDeploymentPostprocessing = 1;
		};
/* End PBXCopyFilesBuildPhase section */

/* Begin PBXFileReference section */
		D46B168420D0A2E800E623FC /* NBodySim */ = {isa = PBXFileReference; explicitFileType = "compiled.mach-o.executable"; includeInIndex = 0; path = NBodySim; sourceTree = BUILT_PRODUCTS_DIR; };
		D46B168720D0A2E800E623FC /* main.c */ = {isa = PBXFileReference; lastKnownFileType = sourcecode.c.c; path = main.c; sourceTree = "<group>"; };
		D46B169320D1B54900E623FC /* TestCPlayground */ = {isa = PBXFileReference; explicitFileType = "compiled.mach-o.executable"; includeInIndex = 0; path = TestCPlayground; sourceTree = BUILT_PRODUCTS_DIR; };
		D46B169520D1B54900E623FC /* main.c */ = {isa = PBXFileReference; lastKnownFileType = sourcecode.c.c; path = main.c; sourceTree = "<group>"; };
		D46B169E20D4C78700E623FC /* constants.h */ = {isa = PBXFileReference; lastKnownFileType = sourcecode.c.h; path = constants.h; sourceTree = "<group>"; };
		D4A1586620E1A633002A010E /* main.h */ = {isa = PBXFileReference; lastKnownFileType = sourcecode.c.h; path = main.h; sourceTree = "<group>"; };
/* End PBXFileReference section */

/* Begin PBXFrameworksBuildPhase section */
		D46B168120D0A2E800E623FC /* Frameworks */ = {
			isa = PBXFrameworksBuildPhase;
			buildActionMask = 2147483647;
			files = (
			);
			runOnlyForDeploymentPostprocessing = 0;
		};
		D46B169020D1B54900E623FC /* Frameworks */ = {
			isa = PBXFrameworksBuildPhase;
			buildActionMask = 2147483647;
			files = (
			);
			runOnlyForDeploymentPostprocessing = 0;
		};
/* End PBXFrameworksBuildPhase section */

/* Begin PBXGroup section */
		D46B167B20D0A2E800E623FC = {
			isa = PBXGroup;
			children = (
				D46B168620D0A2E800E623FC /* NBodySim */,
				D46B169420D1B54900E623FC /* TestCPlayground */,
				D46B168520D0A2E800E623FC /* Products */,
			);
			sourceTree = "<group>";
		};
		D46B168520D0A2E800E623FC /* Products */ = {
			isa = PBXGroup;
			children = (
				D46B168420D0A2E800E623FC /* NBodySim */,
				D46B169320D1B54900E623FC /* TestCPlayground */,
			);
			name = Products;
			sourceTree = "<group>";
		};
		D46B168620D0A2E800E623FC /* NBodySim */ = {
			isa = PBXGroup;
			children = (
				D4A1586620E1A633002A010E /* main.h */,
				D46B168720D0A2E800E623FC /* main.c */,
				D46B169E20D4C78700E623FC /* constants.h */,
			);
			path = NBodySim;
			sourceTree = "<group>";
		};
		D46B169420D1B54900E623FC /* TestCPlayground */ = {
			isa = PBXGroup;
			children = (
				D46B169520D1B54900E623FC /* main.c */,
			);
			path = TestCPlayground;
			sourceTree = "<group>";
		};
/* End PBXGroup section */

/* Begin PBXNativeTarget section */
		D46B168320D0A2E800E623FC /* NBodySim */ = {
			isa = PBXNativeTarget;
			buildConfigurationList = D46B168B20D0A2E800E623FC /* Build configuration list for PBXNativeTarget "NBodySim" */;
			buildPhases = (
				D46B168020D0A2E800E623FC /* Sources */,
				D46B168120D0A2E800E623FC /* Frameworks */,
				D46B168220D0A2E800E623FC /* CopyFiles */,
			);
			buildRules = (
			);
			dependencies = (
			);
			name = NBodySim;
			productName = NBodySim;
			productReference = D46B168420D0A2E800E623FC /* NBodySim */;
			productType = "com.apple.product-type.tool";
		};
		D46B169220D1B54900E623FC /* TestCPlayground */ = {
			isa = PBXNativeTarget;
			buildConfigurationList = D46B169720D1B54900E623FC /* Build configuration list for PBXNativeTarget "TestCPlayground" */;
			buildPhases = (
				D46B168F20D1B54900E623FC /* Sources */,
				D46B169020D1B54900E623FC /* Frameworks */,
				D46B169120D1B54900E623FC /* CopyFiles */,
			);
			buildRules = (
			);
			dependencies = (
			);
			name = TestCPlayground;
			productName = TestCPlayground;
			productReference = D46B169320D1B54900E623FC /* TestCPlayground */;
			productType = "com.apple.product-type.tool";
		};
/* End PBXNativeTarget section */

/* Begin PBXProject section */
		D46B167C20D0A2E800E623FC /* Project object */ = {
			isa = PBXProject;
			attributes = {
				LastUpgradeCheck = 0920;
				ORGANIZATIONNAME = "Skyler Arnold";
				TargetAttributes = {
					D46B168320D0A2E800E623FC = {
						CreatedOnToolsVersion = 9.2;
						ProvisioningStyle = Automatic;
					};
					D46B169220D1B54900E623FC = {
						CreatedOnToolsVersion = 9.2;
						ProvisioningStyle = Automatic;
					};
				};
			};
			buildConfigurationList = D46B167F20D0A2E800E623FC /* Build configuration list for PBXProject "NBodySim" */;
			compatibilityVersion = "Xcode 8.0";
			developmentRegion = en;
			hasScannedForEncodings = 0;
			knownRegions = (
				en,
			);
			mainGroup = D46B167B20D0A2E800E623FC;
			productRefGroup = D46B168520D0A2E800E623FC /* Products */;
			projectDirPath = "";
			projectRoot = "";
			targets = (
				D46B168320D0A2E800E623FC /* NBodySim */,
				D46B169220D1B54900E623FC /* TestCPlayground */,
			);
		};
/* End PBXProject section */

/* Begin PBXSourcesBuildPhase section */
		D46B168020D0A2E800E623FC /* Sources */ = {
			isa = PBXSourcesBuildPhase;
			buildActionMask = 2147483647;
			files = (
				D46B168820D0A2E800E623FC /* main.c in Sources */,
			);
			runOnlyForDeploymentPostprocessing = 0;
		};
		D46B168F20D1B54900E623FC /* Sources */ = {
			isa = PBXSourcesBuildPhase;
			buildActionMask = 2147483647;
			files = (
				D46B169620D1B54900E623FC /* main.c in Sources */,
			);
			runOnlyForDeploymentPostprocessing = 0;
		};
/* End PBXSourcesBuildPhase section */

/* Begin XCBuildConfiguration section */
		D46B168920D0A2E800E623FC /* Debug */ = {
			isa = XCBuildConfiguration;
			buildSettings = {
				ALWAYS_SEARCH_USER_PATHS = NO;
				CLANG_ANALYZER_NONNULL = YES;
				CLANG_ANALYZER_NUMBER_OBJECT_CONVERSION = YES_AGGRESSIVE;
				CLANG_CXX_LANGUAGE_STANDARD = "gnu++14";
				CLANG_CXX_LIBRARY = "libc++";
				CLANG_ENABLE_MODULES = YES;
				CLANG_ENABLE_OBJC_ARC = YES;
				CLANG_WARN_BLOCK_CAPTURE_AUTORELEASING = YES;
				CLANG_WARN_BOOL_CONVERSION = YES;
				CLANG_WARN_COMMA = YES;
				CLANG_WARN_CONSTANT_CONVERSION = YES;
				CLANG_WARN_DIRECT_OBJC_ISA_USAGE = YES_ERROR;
				CLANG_WARN_DOCUMENTATION_COMMENTS = YES;
				CLANG_WARN_EMPTY_BODY = YES;
				CLANG_WARN_ENUM_CONVERSION = YES;
				CLANG_WARN_INFINITE_RECURSION = YES;
				CLANG_WARN_INT_CONVERSION = YES;
				CLANG_WARN_NON_LITERAL_NULL_CONVERSION = YES;
				CLANG_WARN_OBJC_LITERAL_CONVERSION = YES;
				CLANG_WARN_OBJC_ROOT_CLASS = YES_ERROR;
				CLANG_WARN_RANGE_LOOP_ANALYSIS = YES;
				CLANG_WARN_STRICT_PROTOTYPES = YES;
				CLANG_WARN_SUSPICIOUS_MOVE = YES;
				CLANG_WARN_UNGUARDED_AVAILABILITY = YES_AGGRESSIVE;
				CLANG_WARN_UNREACHABLE_CODE = YES;
				CLANG_WARN__DUPLICATE_METHOD_MATCH = YES;
				CODE_SIGN_IDENTITY = "Mac Developer";
				COPY_PHASE_STRIP = NO;
				DEBUG_INFORMATION_FORMAT = dwarf;
				ENABLE_STRICT_OBJC_MSGSEND = YES;
				ENABLE_TESTABILITY = YES;
				GCC_C_LANGUAGE_STANDARD = gnu11;
				GCC_DYNAMIC_NO_PIC = NO;
				GCC_NO_COMMON_BLOCKS = YES;
				GCC_OPTIMIZATION_LEVEL = 0;
				GCC_PREPROCESSOR_DEFINITIONS = (
					"DEBUG=1",
					"$(inherited)",
				);
				GCC_WARN_64_TO_32_BIT_CONVERSION = YES;
				GCC_WARN_ABOUT_RETURN_TYPE = YES_ERROR;
				GCC_WARN_UNDECLARED_SELECTOR = YES;
				GCC_WARN_UNINITIALIZED_AUTOS = YES_AGGRESSIVE;
				GCC_WARN_UNUSED_FUNCTION = YES;
				GCC_WARN_UNUSED_VARIABLE = YES;
				MACOSX_DEPLOYMENT_TARGET = 10.12;
				MTL_ENABLE_DEBUG_INFO = YES;
				ONLY_ACTIVE_ARCH = YES;
				SDKROOT = macosx;
			};
			name = Debug;
		};
		D46B168A20D0A2E800E623FC /* Release */ = {
			isa = XCBuildConfiguration;
			buildSettings = {
				ALWAYS_SEARCH_USER_PATHS = NO;
				CLANG_ANALYZER_NONNULL = YES;
				CLANG_ANALYZER_NUMBER_OBJECT_CONVERSION = YES_AGGRESSIVE;
				CLANG_CXX_LANGUAGE_STANDARD = "gnu++14";
				CLANG_CXX_LIBRARY = "libc++";
				CLANG_ENABLE_MODULES = YES;
				CLANG_ENABLE_OBJC_ARC = YES;
				CLANG_WARN_BLOCK_CAPTURE_AUTORELEASING = YES;
				CLANG_WARN_BOOL_CONVERSION = YES;
				CLANG_WARN_COMMA = YES;
				CLANG_WARN_CONSTANT_CONVERSION = YES;
				CLANG_WARN_DIRECT_OBJC_ISA_USAGE = YES_ERROR;
				CLANG_WARN_DOCUMENTATION_COMMENTS = YES;
				CLANG_WARN_EMPTY_BODY = YES;
				CLANG_WARN_ENUM_CONVERSION = YES;
				CLANG_WARN_INFINITE_RECURSION = YES;
				CLANG_WARN_INT_CONVERSION = YES;
				CLANG_WARN_NON_LITERAL_NULL_CONVERSION = YES;
				CLANG_WARN_OBJC_LITERAL_CONVERSION = YES;
				CLANG_WARN_OBJC_ROOT_CLASS = YES_ERROR;
				CLANG_WARN_RANGE_LOOP_ANALYSIS = YES;
				CLANG_WARN_STRICT_PROTOTYPES = YES;
				CLANG_WARN_SUSPICIOUS_MOVE = YES;
				CLANG_WARN_UNGUARDED_AVAILABILITY = YES_AGGRESSIVE;
				CLANG_WARN_UNREACHABLE_CODE = YES;
				CLANG_WARN__DUPLICATE_METHOD_MATCH = YES;
				CODE_SIGN_IDENTITY = "Mac Developer";
				COPY_PHASE_STRIP = NO;
				DEBUG_INFORMATION_FORMAT = "dwarf-with-dsym";
				ENABLE_NS_ASSERTIONS = NO;
				ENABLE_STRICT_OBJC_MSGSEND = YES;
				GCC_C_LANGUAGE_STANDARD = gnu11;
				GCC_NO_COMMON_BLOCKS = YES;
				GCC_WARN_64_TO_32_BIT_CONVERSION = YES;
				GCC_WARN_ABOUT_RETURN_TYPE = YES_ERROR;
				GCC_WARN_UNDECLARED_SELECTOR = YES;
				GCC_WARN_UNINITIALIZED_AUTOS = YES_AGGRESSIVE;
				GCC_WARN_UNUSED_FUNCTION = YES;
				GCC_WARN_UNUSED_VARIABLE = YES;
				MACOSX_DEPLOYMENT_TARGET = 10.12;
				MTL_ENABLE_DEBUG_INFO = NO;
				SDKROOT = macosx;
			};
			name = Release;
		};
		D46B168C20D0A2E800E623FC /* Debug */ = {
			isa = XCBuildConfiguration;
			buildSettings = {
				CODE_SIGN_STYLE = Automatic;
				DEVELOPMENT_TEAM = 4D9GX636ZZ;
				GCC_OPTIMIZATION_LEVEL = 0;
				"OTHER_CFLAGS[arch=*]" = (
					"-DXCODE",
					"-DNUMBER_OF_STEPS=20",
				);
				OTHER_CPLUSPLUSFLAGS = "";
				PRODUCT_NAME = "$(TARGET_NAME)";
			};
			name = Debug;
		};
		D46B168D20D0A2E800E623FC /* Release */ = {
			isa = XCBuildConfiguration;
			buildSettings = {
				CODE_SIGN_STYLE = Automatic;
				DEVELOPMENT_TEAM = 4D9GX636ZZ;
				PRODUCT_NAME = "$(TARGET_NAME)";
			};
			name = Release;
		};
		D46B169820D1B54900E623FC /* Debug */ = {
			isa = XCBuildConfiguration;
			buildSettings = {
				CODE_SIGN_STYLE = Automatic;
				DEVELOPMENT_TEAM = 4D9GX636ZZ;
				GCC_OPTIMIZATION_LEVEL = 3;
				"OTHER_CFLAGS[arch=*]" = "-DTESTVAL";
				PRODUCT_NAME = "$(TARGET_NAME)";
			};
			name = Debug;
		};
		D46B169920D1B54900E623FC /* Release */ = {
			isa = XCBuildConfiguration;
			buildSettings = {
				CODE_SIGN_STYLE = Automatic;
				DEVELOPMENT_TEAM = 4D9GX636ZZ;
				PRODUCT_NAME = "$(TARGET_NAME)";
			};
			name = Release;
		};
/* End XCBuildConfiguration section */

/* Begin XCConfigurationList section */
		D46B167F20D0A2E800E623FC /* Build configuration list for PBXProject "NBodySim" */ = {
			isa = XCConfigurationList;
			buildConfigurations = (
				D46B168920D0A2E800E623FC /* Debug */,
				D46B168A20D0A2E800E623FC /* Release */,
			);
			defaultConfigurationIsVisible = 0;
			defaultConfigurationName = Release;
		};
		D46B168B20D0A2E800E623FC /* Build configuration list for PBXNativeTarget "NBodySim" */ = {
			isa = XCConfigurationList;
			buildConfigurations = (
				D46B168C20D0A2E800E623FC /* Debug */,
				D46B168D20D0A2E800E623FC /* Release */,
			);
			defaultConfigurationIsVisible = 0;
			defaultConfigurationName = Release;
		};
		D46B169720D1B54900E623FC /* Build configuration list for PBXNativeTarget "TestCPlayground" */ = {
			isa = XCConfigurationList;
			buildConfigurations = (
				D46B169820D1B54900E623FC /* Debug */,
				D46B169920D1B54900E623FC /* Release */,
			);
			defaultConfigurationIsVisible = 0;
			defaultConfigurationName = Release;
		};
/* End XCConfigurationList section */
	};
	rootObject = D46B167C20D0A2E800E623FC /* Project object */;
}
